
Microsoft Visual Studio Solution File, Format Version 12.00
Project("{FAE04EC0-301F-11D3-BF4B-00C04F79EFBC}") = "TestApp.API", "TestApp.API\TestApp.API.csproj", "{E127B518-B4DE-4537-BB31-03AFE3EB64CE}"
EndProject
Project("{FAE04EC0-301F-11D3-BF4B-00C04F79EFBC}") = "TestApp.Application", "TestApp.Application\TestApp.Application.csproj", "{7FF56855-E987-48D1-84B5-A672060A56C3}"
EndProject
Project("{FAE04EC0-301F-11D3-BF4B-00C04F79EFBC}") = "TestApp.Core", "TestApp.Core\TestApp.Core.csproj", "{8CB5E4EF-D727-4D5F-9066-5FAB2B5637CC}"
EndProject
Project("{FAE04EC0-301F-11D3-BF4B-00C04F79EFBC}") = "TestApp.Core.Postgres", "TestApp.Core.Postgres\TestApp.Core.Postgres.csproj", "{C6C4E680-44BB-45AF-B66E-A121831679B5}"
EndProject
Global
	GlobalSection(SolutionConfigurationPlatforms) = preSolution
		Debug|Any CPU = Debug|Any CPU
		Release|Any CPU = Release|Any CPU
	EndGlobalSection
	GlobalSection(ProjectConfigurationPlatforms) = postSolution
		{E127B518-B4DE-4537-BB31-03AFE3EB64CE}.Debug|Any CPU.ActiveCfg = Debug|Any CPU
		{E127B518-B4DE-4537-BB31-03AFE3EB64CE}.Debug|Any CPU.Build.0 = Debug|Any CPU
		{E127B518-B4DE-4537-BB31-03AFE3EB64CE}.Release|Any CPU.ActiveCfg = Release|Any CPU
		{E127B518-B4DE-4537-BB31-03AFE3EB64CE}.Release|Any CPU.Build.0 = Release|Any CPU
		{7FF56855-E987-48D1-84B5-A672060A56C3}.Debug|Any CPU.ActiveCfg = Debug|Any CPU
		{7FF56855-E987-48D1-84B5-A672060A56C3}.Debug|Any CPU.Build.0 = Debug|Any CPU
		{7FF56855-E987-48D1-84B5-A672060A56C3}.Release|Any CPU.ActiveCfg = Release|Any CPU
		{7FF56855-E987-48D1-84B5-A672060A56C3}.Release|Any CPU.Build.0 = Release|Any CPU
		{8CB5E4EF-D727-4D5F-9066-5FAB2B5637CC}.Debug|Any CPU.ActiveCfg = Debug|Any CPU
		{8CB5E4EF-D727-4D5F-9066-5FAB2B5637CC}.Debug|Any CPU.Build.0 = Debug|Any CPU
		{8CB5E4EF-D727-4D5F-9066-5FAB2B5637CC}.Release|Any CPU.ActiveCfg = Release|Any CPU
		{8CB5E4EF-D727-4D5F-9066-5FAB2B5637CC}.Release|Any CPU.Build.0 = Release|Any CPU
		{C6C4E680-44BB-45AF-B66E-A121831679B5}.Debug|Any CPU.ActiveCfg = Debug|Any CPU
		{C6C4E680-44BB-45AF-B66E-A121831679B5}.Debug|Any CPU.Build.0 = Debug|Any CPU
		{C6C4E680-44BB-45AF-B66E-A121831679B5}.Release|Any CPU.ActiveCfg = Release|Any CPU
		{C6C4E680-44BB-45AF-B66E-A121831679B5}.Release|Any CPU.Build.0 = Release|Any CPU
	EndGlobalSection
EndGlobal
